
Microsoft Visual Studio Solution File, Format Version 12.00
# Visual Studio 14
VisualStudioVersion = 14.0.25420.1
MinimumVisualStudioVersion = 10.0.40219.1
Project("{FAE04EC0-301F-11D3-BF4B-00C04F79EFBC}") = "Outfish", "Outfish.csproj", "{0BC9CBBE-FF5B-4FE7-ADA8-70CE9F2E74E6}"
EndProject
Project("{FAE04EC0-301F-11D3-BF4B-00C04F79EFBC}") = "Outfish.Test", "Test\Outfish.Test.csproj", "{2071A997-869E-4AEC-AEB9-5ECF99529875}"
EndProject
Global
	GlobalSection(SolutionConfigurationPlatforms) = preSolution
		Debug|Any CPU = Debug|Any CPU
		Release|Any CPU = Release|Any CPU
	EndGlobalSection
	GlobalSection(ProjectConfigurationPlatforms) = postSolution
		{0BC9CBBE-FF5B-4FE7-ADA8-70CE9F2E74E6}.Debug|Any CPU.ActiveCfg = Debug|x86
		{0BC9CBBE-FF5B-4FE7-ADA8-70CE9F2E74E6}.Debug|Any CPU.Build.0 = Debug|x86
		{0BC9CBBE-FF5B-4FE7-ADA8-70CE9F2E74E6}.Release|Any CPU.ActiveCfg = Release|x86
		{0BC9CBBE-FF5B-4FE7-ADA8-70CE9F2E74E6}.Release|Any CPU.Build.0 = Release|x86
		{2071A997-869E-4AEC-AEB9-5ECF99529875}.Debug|Any CPU.ActiveCfg = Debug|x86
		{2071A997-869E-4AEC-AEB9-5ECF99529875}.Debug|Any CPU.Build.0 = Debug|x86
		{2071A997-869E-4AEC-AEB9-5ECF99529875}.Release|Any CPU.ActiveCfg = Release|x86
		{2071A997-869E-4AEC-AEB9-5ECF99529875}.Release|Any CPU.Build.0 = Release|x86
	EndGlobalSection
	GlobalSection(SolutionProperties) = preSolution
		HideSolutionNode = FALSE
	EndGlobalSection
EndGlobal
